// !$*UTF8*$!
{
	archiveVersion = 1;
	classes = {
	};
	objectVersion = 50;
	objects = {

/* Begin PBXBuildFile section */
		3DC88B1628D36A4E00302FF8 /* AppDelegate.swift in Sources */ = {isa = PBXBuildFile; fileRef = 3DC88B1528D36A4E00302FF8 /* AppDelegate.swift */; };
		3DC88B1828D36A4E00302FF8 /* MenuController.swift in Sources */ = {isa = PBXBuildFile; fileRef = 3DC88B1728D36A4E00302FF8 /* MenuController.swift */; };
		3DC88B1B28D36A4E00302FF8 /* Main.storyboard in Resources */ = {isa = PBXBuildFile; fileRef = 3DC88B1928D36A4E00302FF8 /* Main.storyboard */; };
		3DC88B1D28D36A5000302FF8 /* Assets.xcassets in Resources */ = {isa = PBXBuildFile; fileRef = 3DC88B1C28D36A5000302FF8 /* Assets.xcassets */; };
		3DC88B2028D36A5000302FF8 /* LaunchScreen.storyboard in Resources */ = {isa = PBXBuildFile; fileRef = 3DC88B1E28D36A5000302FF8 /* LaunchScreen.storyboard */; };
		3DC88B2B28D36A5000302FF8 /* Navegacion1Tests.swift in Sources */ = {isa = PBXBuildFile; fileRef = 3DC88B2A28D36A5000302FF8 /* Navegacion1Tests.swift */; };
		3DC88B3628D36A5000302FF8 /* Navegacion1UITests.swift in Sources */ = {isa = PBXBuildFile; fileRef = 3DC88B3528D36A5000302FF8 /* Navegacion1UITests.swift */; };
		3DC88B4428D36DDC00302FF8 /* juegoController.swift in Sources */ = {isa = PBXBuildFile; fileRef = 3DC88B4328D36DDC00302FF8 /* juegoController.swift */; };
		3DC88B4628D37B2D00302FF8 /* rojoController.swift in Sources */ = {isa = PBXBuildFile; fileRef = 3DC88B4528D37B2D00302FF8 /* rojoController.swift */; };
		3DC88B4828D37B7100302FF8 /* verdeController.swift in Sources */ = {isa = PBXBuildFile; fileRef = 3DC88B4728D37B7100302FF8 /* verdeController.swift */; };
		3DC88B4A28D37B8D00302FF8 /* naranjaController.swift in Sources */ = {isa = PBXBuildFile; fileRef = 3DC88B4928D37B8D00302FF8 /* naranjaController.swift */; };
		3DC88B4C28D37BA600302FF8 /* rosaController.swift in Sources */ = {isa = PBXBuildFile; fileRef = 3DC88B4B28D37BA600302FF8 /* rosaController.swift */; };
		3DC88B4E28D37BBA00302FF8 /* amarilloController.swift in Sources */ = {isa = PBXBuildFile; fileRef = 3DC88B4D28D37BBA00302FF8 /* amarilloController.swift */; };
		3DC88B5028D37BEC00302FF8 /* mentaController.swift in Sources */ = {isa = PBXBuildFile; fileRef = 3DC88B4F28D37BEC00302FF8 /* mentaController.swift */; };
		3DC88B5228D37C0A00302FF8 /* azulController.swift in Sources */ = {isa = PBXBuildFile; fileRef = 3DC88B5128D37C0A00302FF8 /* azulController.swift */; };
		3DC88B5428D37C2A00302FF8 /* cremitaController.swift in Sources */ = {isa = PBXBuildFile; fileRef = 3DC88B5328D37C2A00302FF8 /* cremitaController.swift */; };
/* End PBXBuildFile section */

/* Begin PBXContainerItemProxy section */
		3DC88B2728D36A5000302FF8 /* PBXContainerItemProxy */ = {
			isa = PBXContainerItemProxy;
			containerPortal = 3DC88B0A28D36A4E00302FF8 /* Project object */;
			proxyType = 1;
			remoteGlobalIDString = 3DC88B1128D36A4E00302FF8;
			remoteInfo = Navegacion1;
		};
		3DC88B3228D36A5000302FF8 /* PBXContainerItemProxy */ = {
			isa = PBXContainerItemProxy;
			containerPortal = 3DC88B0A28D36A4E00302FF8 /* Project object */;
			proxyType = 1;
			remoteGlobalIDString = 3DC88B1128D36A4E00302FF8;
			remoteInfo = Navegacion1;
		};
/* End PBXContainerItemProxy section */

/* Begin PBXFileReference section */
		3DC88B1228D36A4E00302FF8 /* Navegacion1.app */ = {isa = PBXFileReference; explicitFileType = wrapper.application; includeInIndex = 0; path = Navegacion1.app; sourceTree = BUILT_PRODUCTS_DIR; };
		3DC88B1528D36A4E00302FF8 /* AppDelegate.swift */ = {isa = PBXFileReference; lastKnownFileType = sourcecode.swift; path = AppDelegate.swift; sourceTree = "<group>"; };
		3DC88B1728D36A4E00302FF8 /* MenuController.swift */ = {isa = PBXFileReference; lastKnownFileType = sourcecode.swift; path = MenuController.swift; sourceTree = "<group>"; };
		3DC88B1A28D36A4E00302FF8 /* Base */ = {isa = PBXFileReference; lastKnownFileType = file.storyboard; name = Base; path = Base.lproj/Main.storyboard; sourceTree = "<group>"; };
		3DC88B1C28D36A5000302FF8 /* Assets.xcassets */ = {isa = PBXFileReference; lastKnownFileType = folder.assetcatalog; path = Assets.xcassets; sourceTree = "<group>"; };
		3DC88B1F28D36A5000302FF8 /* Base */ = {isa = PBXFileReference; lastKnownFileType = file.storyboard; name = Base; path = Base.lproj/LaunchScreen.storyboard; sourceTree = "<group>"; };
		3DC88B2128D36A5000302FF8 /* Info.plist */ = {isa = PBXFileReference; lastKnownFileType = text.plist.xml; path = Info.plist; sourceTree = "<group>"; };
		3DC88B2628D36A5000302FF8 /* Navegacion1Tests.xctest */ = {isa = PBXFileReference; explicitFileType = wrapper.cfbundle; includeInIndex = 0; path = Navegacion1Tests.xctest; sourceTree = BUILT_PRODUCTS_DIR; };
		3DC88B2A28D36A5000302FF8 /* Navegacion1Tests.swift */ = {isa = PBXFileReference; lastKnownFileType = sourcecode.swift; path = Navegacion1Tests.swift; sourceTree = "<group>"; };
		3DC88B2C28D36A5000302FF8 /* Info.plist */ = {isa = PBXFileReference; lastKnownFileType = text.plist.xml; path = Info.plist; sourceTree = "<group>"; };
		3DC88B3128D36A5000302FF8 /* Navegacion1UITests.xctest */ = {isa = PBXFileReference; explicitFileType = wrapper.cfbundle; includeInIndex = 0; path = Navegacion1UITests.xctest; sourceTree = BUILT_PRODUCTS_DIR; };
		3DC88B3528D36A5000302FF8 /* Navegacion1UITests.swift */ = {isa = PBXFileReference; lastKnownFileType = sourcecode.swift; path = Navegacion1UITests.swift; sourceTree = "<group>"; };
		3DC88B3728D36A5000302FF8 /* Info.plist */ = {isa = PBXFileReference; lastKnownFileType = text.plist.xml; path = Info.plist; sourceTree = "<group>"; };
		3DC88B4328D36DDC00302FF8 /* juegoController.swift */ = {isa = PBXFileReference; lastKnownFileType = sourcecode.swift; path = juegoController.swift; sourceTree = "<group>"; };
		3DC88B4528D37B2D00302FF8 /* rojoController.swift */ = {isa = PBXFileReference; lastKnownFileType = sourcecode.swift; path = rojoController.swift; sourceTree = "<group>"; };
		3DC88B4728D37B7100302FF8 /* verdeController.swift */ = {isa = PBXFileReference; lastKnownFileType = sourcecode.swift; path = verdeController.swift; sourceTree = "<group>"; };
		3DC88B4928D37B8D00302FF8 /* naranjaController.swift */ = {isa = PBXFileReference; lastKnownFileType = sourcecode.swift; path = naranjaController.swift; sourceTree = "<group>"; };
		3DC88B4B28D37BA600302FF8 /* rosaController.swift */ = {isa = PBXFileReference; lastKnownFileType = sourcecode.swift; path = rosaController.swift; sourceTree = "<group>"; };
		3DC88B4D28D37BBA00302FF8 /* amarilloController.swift */ = {isa = PBXFileReference; lastKnownFileType = sourcecode.swift; path = amarilloController.swift; sourceTree = "<group>"; };
		3DC88B4F28D37BEC00302FF8 /* mentaController.swift */ = {isa = PBXFileReference; lastKnownFileType = sourcecode.swift; path = mentaController.swift; sourceTree = "<group>"; };
		3DC88B5128D37C0A00302FF8 /* azulController.swift */ = {isa = PBXFileReference; lastKnownFileType = sourcecode.swift; path = azulController.swift; sourceTree = "<group>"; };
		3DC88B5328D37C2A00302FF8 /* cremitaController.swift */ = {isa = PBXFileReference; lastKnownFileType = sourcecode.swift; path = cremitaController.swift; sourceTree = "<group>"; };
/* End PBXFileReference section */

/* Begin PBXFrameworksBuildPhase section */
		3DC88B0F28D36A4E00302FF8 /* Frameworks */ = {
			isa = PBXFrameworksBuildPhase;
			buildActionMask = 2147483647;
			files = (
			);
			runOnlyForDeploymentPostprocessing = 0;
		};
		3DC88B2328D36A5000302FF8 /* Frameworks */ = {
			isa = PBXFrameworksBuildPhase;
			buildActionMask = 2147483647;
			files = (
			);
			runOnlyForDeploymentPostprocessing = 0;
		};
		3DC88B2E28D36A5000302FF8 /* Frameworks */ = {
			isa = PBXFrameworksBuildPhase;
			buildActionMask = 2147483647;
			files = (
			);
			runOnlyForDeploymentPostprocessing = 0;
		};
/* End PBXFrameworksBuildPhase section */

/* Begin PBXGroup section */
		3DC88B0928D36A4E00302FF8 = {
			isa = PBXGroup;
			children = (
				3DC88B1428D36A4E00302FF8 /* Navegacion1 */,
				3DC88B2928D36A5000302FF8 /* Navegacion1Tests */,
				3DC88B3428D36A5000302FF8 /* Navegacion1UITests */,
				3DC88B1328D36A4E00302FF8 /* Products */,
			);
			sourceTree = "<group>";
		};
		3DC88B1328D36A4E00302FF8 /* Products */ = {
			isa = PBXGroup;
			children = (
				3DC88B1228D36A4E00302FF8 /* Navegacion1.app */,
				3DC88B2628D36A5000302FF8 /* Navegacion1Tests.xctest */,
				3DC88B3128D36A5000302FF8 /* Navegacion1UITests.xctest */,
			);
			name = Products;
			sourceTree = "<group>";
		};
		3DC88B1428D36A4E00302FF8 /* Navegacion1 */ = {
			isa = PBXGroup;
			children = (
				3DC88B1528D36A4E00302FF8 /* AppDelegate.swift */,
				3DC88B4328D36DDC00302FF8 /* juegoController.swift */,
				3DC88B1728D36A4E00302FF8 /* MenuController.swift */,
				3DC88B4928D37B8D00302FF8 /* naranjaController.swift */,
				3DC88B4B28D37BA600302FF8 /* rosaController.swift */,
				3DC88B4728D37B7100302FF8 /* verdeController.swift */,
				3DC88B4D28D37BBA00302FF8 /* amarilloController.swift */,
				3DC88B4F28D37BEC00302FF8 /* mentaController.swift */,
				3DC88B4528D37B2D00302FF8 /* rojoController.swift */,
				3DC88B5328D37C2A00302FF8 /* cremitaController.swift */,
				3DC88B5128D37C0A00302FF8 /* azulController.swift */,
				3DC88B1928D36A4E00302FF8 /* Main.storyboard */,
				3DC88B1C28D36A5000302FF8 /* Assets.xcassets */,
				3DC88B1E28D36A5000302FF8 /* LaunchScreen.storyboard */,
				3DC88B2128D36A5000302FF8 /* Info.plist */,
			);
			path = Navegacion1;
			sourceTree = "<group>";
		};
		3DC88B2928D36A5000302FF8 /* Navegacion1Tests */ = {
			isa = PBXGroup;
			children = (
				3DC88B2A28D36A5000302FF8 /* Navegacion1Tests.swift */,
				3DC88B2C28D36A5000302FF8 /* Info.plist */,
			);
			path = Navegacion1Tests;
			sourceTree = "<group>";
		};
		3DC88B3428D36A5000302FF8 /* Navegacion1UITests */ = {
			isa = PBXGroup;
			children = (
				3DC88B3528D36A5000302FF8 /* Navegacion1UITests.swift */,
				3DC88B3728D36A5000302FF8 /* Info.plist */,
			);
			path = Navegacion1UITests;
			sourceTree = "<group>";
		};
/* End PBXGroup section */

/* Begin PBXNativeTarget section */
		3DC88B1128D36A4E00302FF8 /* Navegacion1 */ = {
			isa = PBXNativeTarget;
			buildConfigurationList = 3DC88B3A28D36A5000302FF8 /* Build configuration list for PBXNativeTarget "Navegacion1" */;
			buildPhases = (
				3DC88B0E28D36A4E00302FF8 /* Sources */,
				3DC88B0F28D36A4E00302FF8 /* Frameworks */,
				3DC88B1028D36A4E00302FF8 /* Resources */,
			);
			buildRules = (
			);
			dependencies = (
			);
			name = Navegacion1;
			productName = Navegacion1;
			productReference = 3DC88B1228D36A4E00302FF8 /* Navegacion1.app */;
			productType = "com.apple.product-type.application";
		};
		3DC88B2528D36A5000302FF8 /* Navegacion1Tests */ = {
			isa = PBXNativeTarget;
			buildConfigurationList = 3DC88B3D28D36A5000302FF8 /* Build configuration list for PBXNativeTarget "Navegacion1Tests" */;
			buildPhases = (
				3DC88B2228D36A5000302FF8 /* Sources */,
				3DC88B2328D36A5000302FF8 /* Frameworks */,
				3DC88B2428D36A5000302FF8 /* Resources */,
			);
			buildRules = (
			);
			dependencies = (
				3DC88B2828D36A5000302FF8 /* PBXTargetDependency */,
			);
			name = Navegacion1Tests;
			productName = Navegacion1Tests;
			productReference = 3DC88B2628D36A5000302FF8 /* Navegacion1Tests.xctest */;
			productType = "com.apple.product-type.bundle.unit-test";
		};
		3DC88B3028D36A5000302FF8 /* Navegacion1UITests */ = {
			isa = PBXNativeTarget;
			buildConfigurationList = 3DC88B4028D36A5000302FF8 /* Build configuration list for PBXNativeTarget "Navegacion1UITests" */;
			buildPhases = (
				3DC88B2D28D36A5000302FF8 /* Sources */,
				3DC88B2E28D36A5000302FF8 /* Frameworks */,
				3DC88B2F28D36A5000302FF8 /* Resources */,
			);
			buildRules = (
			);
			dependencies = (
				3DC88B3328D36A5000302FF8 /* PBXTargetDependency */,
			);
			name = Navegacion1UITests;
			productName = Navegacion1UITests;
			productReference = 3DC88B3128D36A5000302FF8 /* Navegacion1UITests.xctest */;
			productType = "com.apple.product-type.bundle.ui-testing";
		};
/* End PBXNativeTarget section */

/* Begin PBXProject section */
		3DC88B0A28D36A4E00302FF8 /* Project object */ = {
			isa = PBXProject;
			attributes = {
				LastSwiftUpdateCheck = 0940;
				LastUpgradeCheck = 0940;
				ORGANIZATIONNAME = ulsa;
				TargetAttributes = {
					3DC88B1128D36A4E00302FF8 = {
						CreatedOnToolsVersion = 9.4.1;
					};
					3DC88B2528D36A5000302FF8 = {
						CreatedOnToolsVersion = 9.4.1;
						TestTargetID = 3DC88B1128D36A4E00302FF8;
					};
					3DC88B3028D36A5000302FF8 = {
						CreatedOnToolsVersion = 9.4.1;
						TestTargetID = 3DC88B1128D36A4E00302FF8;
					};
				};
			};
			buildConfigurationList = 3DC88B0D28D36A4E00302FF8 /* Build configuration list for PBXProject "Navegacion1" */;
			compatibilityVersion = "Xcode 9.3";
			developmentRegion = en;
			hasScannedForEncodings = 0;
			knownRegions = (
				en,
				Base,
			);
			mainGroup = 3DC88B0928D36A4E00302FF8;
			productRefGroup = 3DC88B1328D36A4E00302FF8 /* Products */;
			projectDirPath = "";
			projectRoot = "";
			targets = (
				3DC88B1128D36A4E00302FF8 /* Navegacion1 */,
				3DC88B2528D36A5000302FF8 /* Navegacion1Tests */,
				3DC88B3028D36A5000302FF8 /* Navegacion1UITests */,
			);
		};
/* End PBXProject section */

/* Begin PBXResourcesBuildPhase section */
		3DC88B1028D36A4E00302FF8 /* Resources */ = {
			isa = PBXResourcesBuildPhase;
			buildActionMask = 2147483647;
			files = (
				3DC88B2028D36A5000302FF8 /* LaunchScreen.storyboard in Resources */,
				3DC88B1D28D36A5000302FF8 /* Assets.xcassets in Resources */,
				3DC88B1B28D36A4E00302FF8 /* Main.storyboard in Resources */,
			);
			runOnlyForDeploymentPostprocessing = 0;
		};
		3DC88B2428D36A5000302FF8 /* Resources */ = {
			isa = PBXResourcesBuildPhase;
			buildActionMask = 2147483647;
			files = (
			);
			runOnlyForDeploymentPostprocessing = 0;
		};
		3DC88B2F28D36A5000302FF8 /* Resources */ = {
			isa = PBXResourcesBuildPhase;
			buildActionMask = 2147483647;
			files = (
			);
			runOnlyForDeploymentPostprocessing = 0;
		};
/* End PBXResourcesBuildPhase section */

/* Begin PBXSourcesBuildPhase section */
		3DC88B0E28D36A4E00302FF8 /* Sources */ = {
			isa = PBXSourcesBuildPhase;
			buildActionMask = 2147483647;
			files = (
				3DC88B4E28D37BBA00302FF8 /* amarilloController.swift in Sources */,
				3DC88B1828D36A4E00302FF8 /* MenuController.swift in Sources */,
				3DC88B4A28D37B8D00302FF8 /* naranjaController.swift in Sources */,
				3DC88B4628D37B2D00302FF8 /* rojoController.swift in Sources */,
				3DC88B4C28D37BA600302FF8 /* rosaController.swift in Sources */,
				3DC88B5228D37C0A00302FF8 /* azulController.swift in Sources */,
				3DC88B4428D36DDC00302FF8 /* juegoController.swift in Sources */,
				3DC88B5428D37C2A00302FF8 /* cremitaController.swift in Sources */,
				3DC88B5028D37BEC00302FF8 /* mentaController.swift in Sources */,
				3DC88B4828D37B7100302FF8 /* verdeController.swift in Sources */,
				3DC88B1628D36A4E00302FF8 /* AppDelegate.swift in Sources */,
			);
			runOnlyForDeploymentPostprocessing = 0;
		};
		3DC88B2228D36A5000302FF8 /* Sources */ = {
			isa = PBXSourcesBuildPhase;
			buildActionMask = 2147483647;
			files = (
				3DC88B2B28D36A5000302FF8 /* Navegacion1Tests.swift in Sources */,
			);
			runOnlyForDeploymentPostprocessing = 0;
		};
		3DC88B2D28D36A5000302FF8 /* Sources */ = {
			isa = PBXSourcesBuildPhase;
			buildActionMask = 2147483647;
			files = (
				3DC88B3628D36A5000302FF8 /* Navegacion1UITests.swift in Sources */,
			);
			runOnlyForDeploymentPostprocessing = 0;
		};
/* End PBXSourcesBuildPhase section */

/* Begin PBXTargetDependency section */
		3DC88B2828D36A5000302FF8 /* PBXTargetDependency */ = {
			isa = PBXTargetDependency;
			target = 3DC88B1128D36A4E00302FF8 /* Navegacion1 */;
			targetProxy = 3DC88B2728D36A5000302FF8 /* PBXContainerItemProxy */;
		};
		3DC88B3328D36A5000302FF8 /* PBXTargetDependency */ = {
			isa = PBXTargetDependency;
			target = 3DC88B1128D36A4E00302FF8 /* Navegacion1 */;
			targetProxy = 3DC88B3228D36A5000302FF8 /* PBXContainerItemProxy */;
		};
/* End PBXTargetDependency section */

/* Begin PBXVariantGroup section */
		3DC88B1928D36A4E00302FF8 /* Main.storyboard */ = {
			isa = PBXVariantGroup;
			children = (
				3DC88B1A28D36A4E00302FF8 /* Base */,
			);
			name = Main.storyboard;
			sourceTree = "<group>";
		};
		3DC88B1E28D36A5000302FF8 /* LaunchScreen.storyboard */ = {
			isa = PBXVariantGroup;
			children = (
				3DC88B1F28D36A5000302FF8 /* Base */,
			);
			name = LaunchScreen.storyboard;
			sourceTree = "<group>";
		};
/* End PBXVariantGroup section */

/* Begin XCBuildConfiguration section */
		3DC88B3828D36A5000302FF8 /* Debug */ = {
			isa = XCBuildConfiguration;
			buildSettings = {
				ALWAYS_SEARCH_USER_PATHS = NO;
				CLANG_ANALYZER_NONNULL = YES;
				CLANG_ANALYZER_NUMBER_OBJECT_CONVERSION = YES_AGGRESSIVE;
				CLANG_CXX_LANGUAGE_STANDARD = "gnu++14";
				CLANG_CXX_LIBRARY = "libc++";
				CLANG_ENABLE_MODULES = YES;
				CLANG_ENABLE_OBJC_ARC = YES;
				CLANG_ENABLE_OBJC_WEAK = YES;
				CLANG_WARN_BLOCK_CAPTURE_AUTORELEASING = YES;
				CLANG_WARN_BOOL_CONVERSION = YES;
				CLANG_WARN_COMMA = YES;
				CLANG_WARN_CONSTANT_CONVERSION = YES;
				CLANG_WARN_DEPRECATED_OBJC_IMPLEMENTATIONS = YES;
				CLANG_WARN_DIRECT_OBJC_ISA_USAGE = YES_ERROR;
				CLANG_WARN_DOCUMENTATION_COMMENTS = YES;
				CLANG_WARN_EMPTY_BODY = YES;
				CLANG_WARN_ENUM_CONVERSION = YES;
				CLANG_WARN_INFINITE_RECURSION = YES;
				CLANG_WARN_INT_CONVERSION = YES;
				CLANG_WARN_NON_LITERAL_NULL_CONVERSION = YES;
				CLANG_WARN_OBJC_IMPLICIT_RETAIN_SELF = YES;
				CLANG_WARN_OBJC_LITERAL_CONVERSION = YES;
				CLANG_WARN_OBJC_ROOT_CLASS = YES_ERROR;
				CLANG_WARN_RANGE_LOOP_ANALYSIS = YES;
				CLANG_WARN_STRICT_PROTOTYPES = YES;
				CLANG_WARN_SUSPICIOUS_MOVE = YES;
				CLANG_WARN_UNGUARDED_AVAILABILITY = YES_AGGRESSIVE;
				CLANG_WARN_UNREACHABLE_CODE = YES;
				CLANG_WARN__DUPLICATE_METHOD_MATCH = YES;
				CODE_SIGN_IDENTITY = "iPhone Developer";
				COPY_PHASE_STRIP = NO;
				DEBUG_INFORMATION_FORMAT = dwarf;
				ENABLE_STRICT_OBJC_MSGSEND = YES;
				ENABLE_TESTABILITY = YES;
				GCC_C_LANGUAGE_STANDARD = gnu11;
				GCC_DYNAMIC_NO_PIC = NO;
				GCC_NO_COMMON_BLOCKS = YES;
				GCC_OPTIMIZATION_LEVEL = 0;
				GCC_PREPROCESSOR_DEFINITIONS = (
					"DEBUG=1",
					"$(inherited)",
				);
				GCC_WARN_64_TO_32_BIT_CONVERSION = YES;
				GCC_WARN_ABOUT_RETURN_TYPE = YES_ERROR;
				GCC_WARN_UNDECLARED_SELECTOR = YES;
				GCC_WARN_UNINITIALIZED_AUTOS = YES_AGGRESSIVE;
				GCC_WARN_UNUSED_FUNCTION = YES;
				GCC_WARN_UNUSED_VARIABLE = YES;
				IPHONEOS_DEPLOYMENT_TARGET = 11.4;
				MTL_ENABLE_DEBUG_INFO = YES;
				ONLY_ACTIVE_ARCH = YES;
				SDKROOT = iphoneos;
				SWIFT_ACTIVE_COMPILATION_CONDITIONS = DEBUG;
				SWIFT_OPTIMIZATION_LEVEL = "-Onone";
			};
			name = Debug;
		};
		3DC88B3928D36A5000302FF8 /* Release */ = {
			isa = XCBuildConfiguration;
			buildSettings = {
				ALWAYS_SEARCH_USER_PATHS = NO;
				CLANG_ANALYZER_NONNULL = YES;
				CLANG_ANALYZER_NUMBER_OBJECT_CONVERSION = YES_AGGRESSIVE;
				CLANG_CXX_LANGUAGE_STANDARD = "gnu++14";
				CLANG_CXX_LIBRARY = "libc++";
				CLANG_ENABLE_MODULES = YES;
				CLANG_ENABLE_OBJC_ARC = YES;
				CLANG_ENABLE_OBJC_WEAK = YES;
				CLANG_WARN_BLOCK_CAPTURE_AUTORELEASING = YES;
				CLANG_WARN_BOOL_CONVERSION = YES;
				CLANG_WARN_COMMA = YES;
				CLANG_WARN_CONSTANT_CONVERSION = YES;
				CLANG_WARN_DEPRECATED_OBJC_IMPLEMENTATIONS = YES;
				CLANG_WARN_DIRECT_OBJC_ISA_USAGE = YES_ERROR;
				CLANG_WARN_DOCUMENTATION_COMMENTS = YES;
				CLANG_WARN_EMPTY_BODY = YES;
				CLANG_WARN_ENUM_CONVERSION = YES;
				CLANG_WARN_INFINITE_RECURSION = YES;
				CLANG_WARN_INT_CONVERSION = YES;
				CLANG_WARN_NON_LITERAL_NULL_CONVERSION = YES;
				CLANG_WARN_OBJC_IMPLICIT_RETAIN_SELF = YES;
				CLANG_WARN_OBJC_LITERAL_CONVERSION = YES;
				CLANG_WARN_OBJC_ROOT_CLASS = YES_ERROR;
				CLANG_WARN_RANGE_LOOP_ANALYSIS = YES;
				CLANG_WARN_STRICT_PROTOTYPES = YES;
				CLANG_WARN_SUSPICIOUS_MOVE = YES;
				CLANG_WARN_UNGUARDED_AVAILABILITY = YES_AGGRESSIVE;
				CLANG_WARN_UNREACHABLE_CODE = YES;
				CLANG_WARN__DUPLICATE_METHOD_MATCH = YES;
				CODE_SIGN_IDENTITY = "iPhone Developer";
				COPY_PHASE_STRIP = NO;
				DEBUG_INFORMATION_FORMAT = "dwarf-with-dsym";
				ENABLE_NS_ASSERTIONS = NO;
				ENABLE_STRICT_OBJC_MSGSEND = YES;
				GCC_C_LANGUAGE_STANDARD = gnu11;
				GCC_NO_COMMON_BLOCKS = YES;
				GCC_WARN_64_TO_32_BIT_CONVERSION = YES;
				GCC_WARN_ABOUT_RETURN_TYPE = YES_ERROR;
				GCC_WARN_UNDECLARED_SELECTOR = YES;
				GCC_WARN_UNINITIALIZED_AUTOS = YES_AGGRESSIVE;
				GCC_WARN_UNUSED_FUNCTION = YES;
				GCC_WARN_UNUSED_VARIABLE = YES;
				IPHONEOS_DEPLOYMENT_TARGET = 11.4;
				MTL_ENABLE_DEBUG_INFO = NO;
				SDKROOT = iphoneos;
				SWIFT_COMPILATION_MODE = wholemodule;
				SWIFT_OPTIMIZATION_LEVEL = "-O";
				VALIDATE_PRODUCT = YES;
			};
			name = Release;
		};
		3DC88B3B28D36A5000302FF8 /* Debug */ = {
			isa = XCBuildConfiguration;
			buildSettings = {
				ASSETCATALOG_COMPILER_APPICON_NAME = AppIcon;
				CODE_SIGN_STYLE = Automatic;
				INFOPLIST_FILE = Navegacion1/Info.plist;
				LD_RUNPATH_SEARCH_PATHS = (
					"$(inherited)",
					"@executable_path/Frameworks",
				);
				PRODUCT_BUNDLE_IDENTIFIER = edu.ulsa.Navegacion1;
				PRODUCT_NAME = "$(TARGET_NAME)";
				SWIFT_VERSION = 4.0;
				TARGETED_DEVICE_FAMILY = "1,2";
			};
			name = Debug;
		};
		3DC88B3C28D36A5000302FF8 /* Release */ = {
			isa = XCBuildConfiguration;
			buildSettings = {
				ASSETCATALOG_COMPILER_APPICON_NAME = AppIcon;
				CODE_SIGN_STYLE = Automatic;
				INFOPLIST_FILE = Navegacion1/Info.plist;
				LD_RUNPATH_SEARCH_PATHS = (
					"$(inherited)",
					"@executable_path/Frameworks",
				);
				PRODUCT_BUNDLE_IDENTIFIER = edu.ulsa.Navegacion1;
				PRODUCT_NAME = "$(TARGET_NAME)";
				SWIFT_VERSION = 4.0;
				TARGETED_DEVICE_FAMILY = "1,2";
			};
			name = Release;
		};
		3DC88B3E28D36A5000302FF8 /* Debug */ = {
			isa = XCBuildConfiguration;
			buildSettings = {
				ALWAYS_EMBED_SWIFT_STANDARD_LIBRARIES = YES;
				BUNDLE_LOADER = "$(TEST_HOST)";
				CODE_SIGN_STYLE = Automatic;
				INFOPLIST_FILE = Navegacion1Tests/Info.plist;
				LD_RUNPATH_SEARCH_PATHS = (
					"$(inherited)",
					"@executable_path/Frameworks",
					"@loader_path/Frameworks",
				);
				PRODUCT_BUNDLE_IDENTIFIER = edu.ulsa.Navegacion1Tests;
				PRODUCT_NAME = "$(TARGET_NAME)";
				SWIFT_VERSION = 4.0;
				TARGETED_DEVICE_FAMILY = "1,2";
				TEST_HOST = "$(BUILT_PRODUCTS_DIR)/Navegacion1.app/Navegacion1";
			};
			name = Debug;
		};
		3DC88B3F28D36A5000302FF8 /* Release */ = {
			isa = XCBuildConfiguration;
			buildSettings = {
				ALWAYS_EMBED_SWIFT_STANDARD_LIBRARIES = YES;
				BUNDLE_LOADER = "$(TEST_HOST)";
				CODE_SIGN_STYLE = Automatic;
				INFOPLIST_FILE = Navegacion1Tests/Info.plist;
				LD_RUNPATH_SEARCH_PATHS = (
					"$(inherited)",
					"@executable_path/Frameworks",
					"@loader_path/Frameworks",
				);
				PRODUCT_BUNDLE_IDENTIFIER = edu.ulsa.Navegacion1Tests;
				PRODUCT_NAME = "$(TARGET_NAME)";
				SWIFT_VERSION = 4.0;
				TARGETED_DEVICE_FAMILY = "1,2";
				TEST_HOST = "$(BUILT_PRODUCTS_DIR)/Navegacion1.app/Navegacion1";
			};
			name = Release;
		};
		3DC88B4128D36A5000302FF8 /* Debug */ = {
			isa = XCBuildConfiguration;
			buildSettings = {
				ALWAYS_EMBED_SWIFT_STANDARD_LIBRARIES = YES;
				CODE_SIGN_STYLE = Automatic;
				INFOPLIST_FILE = Navegacion1UITests/Info.plist;
				LD_RUNPATH_SEARCH_PATHS = (
					"$(inherited)",
					"@executable_path/Frameworks",
					"@loader_path/Frameworks",
				);
				PRODUCT_BUNDLE_IDENTIFIER = edu.ulsa.Navegacion1UITests;
				PRODUCT_NAME = "$(TARGET_NAME)";
				SWIFT_VERSION = 4.0;
				TARGETED_DEVICE_FAMILY = "1,2";
				TEST_TARGET_NAME = Navegacion1;
			};
			name = Debug;
		};
		3DC88B4228D36A5000302FF8 /* Release */ = {
			isa = XCBuildConfiguration;
			buildSettings = {
				ALWAYS_EMBED_SWIFT_STANDARD_LIBRARIES = YES;
				CODE_SIGN_STYLE = Automatic;
				INFOPLIST_FILE = Navegacion1UITests/Info.plist;
				LD_RUNPATH_SEARCH_PATHS = (
					"$(inherited)",
					"@executable_path/Frameworks",
					"@loader_path/Frameworks",
				);
				PRODUCT_BUNDLE_IDENTIFIER = edu.ulsa.Navegacion1UITests;
				PRODUCT_NAME = "$(TARGET_NAME)";
				SWIFT_VERSION = 4.0;
				TARGETED_DEVICE_FAMILY = "1,2";
				TEST_TARGET_NAME = Navegacion1;
			};
			name = Release;
		};
/* End XCBuildConfiguration section */

/* Begin XCConfigurationList section */
		3DC88B0D28D36A4E00302FF8 /* Build configuration list for PBXProject "Navegacion1" */ = {
			isa = XCConfigurationList;
			buildConfigurations = (
				3DC88B3828D36A5000302FF8 /* Debug */,
				3DC88B3928D36A5000302FF8 /* Release */,
			);
			defaultConfigurationIsVisible = 0;
			defaultConfigurationName = Release;
		};
		3DC88B3A28D36A5000302FF8 /* Build configuration list for PBXNativeTarget "Navegacion1" */ = {
			isa = XCConfigurationList;
			buildConfigurations = (
				3DC88B3B28D36A5000302FF8 /* Debug */,
				3DC88B3C28D36A5000302FF8 /* Release */,
			);
			defaultConfigurationIsVisible = 0;
			defaultConfigurationName = Release;
		};
		3DC88B3D28D36A5000302FF8 /* Build configuration list for PBXNativeTarget "Navegacion1Tests" */ = {
			isa = XCConfigurationList;
			buildConfigurations = (
				3DC88B3E28D36A5000302FF8 /* Debug */,
				3DC88B3F28D36A5000302FF8 /* Release */,
			);
			defaultConfigurationIsVisible = 0;
			defaultConfigurationName = Release;
		};
		3DC88B4028D36A5000302FF8 /* Build configuration list for PBXNativeTarget "Navegacion1UITests" */ = {
			isa = XCConfigurationList;
			buildConfigurations = (
				3DC88B4128D36A5000302FF8 /* Debug */,
				3DC88B4228D36A5000302FF8 /* Release */,
			);
			defaultConfigurationIsVisible = 0;
			defaultConfigurationName = Release;
		};
/* End XCConfigurationList section */
	};
	rootObject = 3DC88B0A28D36A4E00302FF8 /* Project object */;
}
